
Microsoft Visual Studio Solution File, Format Version 12.00
# Visual Studio Version 16
VisualStudioVersion = 16.0.29418.71
MinimumVisualStudioVersion = 10.0.40219.1
Project("{FAE04EC0-301F-11D3-BF4B-00C04F79EFBC}") = "26_RemoveDuplicatesFromSortedArray", "26_RemoveDuplicatesFromSortedArray.csproj", "{E1BC9667-B727-4782-988E-022D5C174D91}"
EndProject
Project("{FAE04EC0-301F-11D3-BF4B-00C04F79EFBC}") = "26_RemoveDuplicatesFromSortedArrayTests", "..\26_RemoveDuplicatesFromSortedArrayTests\26_RemoveDuplicatesFromSortedArrayTests.csproj", "{5F6C1CB0-BCB1-4A94-A936-AAFE0BE19785}"
EndProject
Global
	GlobalSection(SolutionConfigurationPlatforms) = preSolution
		Debug|Any CPU = Debug|Any CPU
		Release|Any CPU = Release|Any CPU
	EndGlobalSection
	GlobalSection(ProjectConfigurationPlatforms) = postSolution
		{E1BC9667-B727-4782-988E-022D5C174D91}.Debug|Any CPU.ActiveCfg = Debug|Any CPU
		{E1BC9667-B727-4782-988E-022D5C174D91}.Debug|Any CPU.Build.0 = Debug|Any CPU
		{E1BC9667-B727-4782-988E-022D5C174D91}.Release|Any CPU.ActiveCfg = Release|Any CPU
		{E1BC9667-B727-4782-988E-022D5C174D91}.Release|Any CPU.Build.0 = Release|Any CPU
		{5F6C1CB0-BCB1-4A94-A936-AAFE0BE19785}.Debug|Any CPU.ActiveCfg = Debug|Any CPU
		{5F6C1CB0-BCB1-4A94-A936-AAFE0BE19785}.Debug|Any CPU.Build.0 = Debug|Any CPU
		{5F6C1CB0-BCB1-4A94-A936-AAFE0BE19785}.Release|Any CPU.ActiveCfg = Release|Any CPU
		{5F6C1CB0-BCB1-4A94-A936-AAFE0BE19785}.Release|Any CPU.Build.0 = Release|Any CPU
	EndGlobalSection
	GlobalSection(SolutionProperties) = preSolution
		HideSolutionNode = FALSE
	EndGlobalSection
	GlobalSection(ExtensibilityGlobals) = postSolution
		SolutionGuid = {C471CED3-A488-43C2-8331-A359E542FB65}
	EndGlobalSection
EndGlobal
