
Microsoft Visual Studio Solution File, Format Version 12.00
# Visual Studio Version 16
VisualStudioVersion = 16.0.29418.71
MinimumVisualStudioVersion = 10.0.40219.1
Project("{FAE04EC0-301F-11D3-BF4B-00C04F79EFBC}") = "1342_NumberOfStepsToReduceANumberToZero", "1342_NumberOfStepsToReduceANumberToZero.csproj", "{26D85CAF-97D8-4249-8399-4A06257AA593}"
EndProject
Project("{FAE04EC0-301F-11D3-BF4B-00C04F79EFBC}") = "1342_NumberOfStepsToReduceANumberToZeroTests", "..\1342_NumberOfStepsToReduceANumberToZeroTests\1342_NumberOfStepsToReduceANumberToZeroTests.csproj", "{665E2CFE-9571-46FD-B718-7DC9A3B81ADE}"
EndProject
Global
	GlobalSection(SolutionConfigurationPlatforms) = preSolution
		Debug|Any CPU = Debug|Any CPU
		Release|Any CPU = Release|Any CPU
	EndGlobalSection
	GlobalSection(ProjectConfigurationPlatforms) = postSolution
		{26D85CAF-97D8-4249-8399-4A06257AA593}.Debug|Any CPU.ActiveCfg = Debug|Any CPU
		{26D85CAF-97D8-4249-8399-4A06257AA593}.Debug|Any CPU.Build.0 = Debug|Any CPU
		{26D85CAF-97D8-4249-8399-4A06257AA593}.Release|Any CPU.ActiveCfg = Release|Any CPU
		{26D85CAF-97D8-4249-8399-4A06257AA593}.Release|Any CPU.Build.0 = Release|Any CPU
		{665E2CFE-9571-46FD-B718-7DC9A3B81ADE}.Debug|Any CPU.ActiveCfg = Debug|Any CPU
		{665E2CFE-9571-46FD-B718-7DC9A3B81ADE}.Debug|Any CPU.Build.0 = Debug|Any CPU
		{665E2CFE-9571-46FD-B718-7DC9A3B81ADE}.Release|Any CPU.ActiveCfg = Release|Any CPU
		{665E2CFE-9571-46FD-B718-7DC9A3B81ADE}.Release|Any CPU.Build.0 = Release|Any CPU
	EndGlobalSection
	GlobalSection(SolutionProperties) = preSolution
		HideSolutionNode = FALSE
	EndGlobalSection
	GlobalSection(ExtensibilityGlobals) = postSolution
		SolutionGuid = {46704452-DC2B-48B6-BB26-38EF44D7352C}
	EndGlobalSection
EndGlobal
